
# cargo-vet imports lock

[[publisher.bumpalo]]
version = "3.20.3"
when = "2026-05-22"
user-id = 696
user-login = "fitzgen"
user-name = "Nick Fitzgerald"

[[publisher.noyalib]]
version = "0.0.37"
when = "2026-09-06"
trusted-publisher = "github:sebastienrousseau/noyalib"

[[publisher.unicode-normalization]]
version = "0.1.25"
when = "2025-10-30"
user-id = 1139
user-login = "Manishearth"
user-name = "Manish Goregaokar"

[[publisher.unicode-width]]
version = "0.2.2"
when = "2025-10-06"
user-id = 1139
user-login = "Manishearth"
user-name = "Manish Goregaokar"

[[publisher.utf8_iter]]
version = "1.0.4"
when = "2023-12-01"
user-id = 4484
user-login = "hsivonen"
user-name = "Henri Sivonen"

[[publisher.wasip2]]
version = "1.0.4+wasi-0.2.12"
when = "2026-06-12"
user-id = 1
user-login = "alexcrichton"
user-name = "Alex Crichton"

[[publisher.wit-bindgen]]
version = "0.57.1"
when = "2026-04-17"
trusted-publisher = "github:bytecodealliance/wit-bindgen"

[[audits.bytecodealliance.wildcard-audits.bumpalo]]
who = "Nick Fitzgerald <fitzgen@gmail.com>"
criteria = "safe-to-deploy"
user-id = 696 # Nick Fitzgerald (fitzgen)
start = "2019-03-16"
end = "2026-08-21"

[[audits.bytecodealliance.wildcard-audits.wasip2]]
who = "Alex Crichton <alex@alexcrichton.com>"
criteria = "safe-to-deploy"
user-id = 1 # Alex Crichton (alexcrichton)
start = "2025-08-10"
end = "2026-08-21"
notes = """
This is a Bytecode Alliance authored crate.
"""

[[audits.bytecodealliance.wildcard-audits.wit-bindgen]]
who = "Alex Crichton <alex@alexcrichton.com>"
criteria = "safe-to-deploy"
trusted-publisher = "github:bytecodealliance/wit-bindgen"
start = "2025-08-13"
end = "2027-01-08"
notes = "The Bytecode Alliance is the author of this crate"

[[audits.bytecodealliance.audits.adler2]]
who = "Alex Crichton <alex@alexcrichton.com>"
criteria = "safe-to-deploy"
version = "2.0.0"
notes = "Fork of the original `adler` crate, zero unsfae code, works in `no_std`, does what it says on th tin."

[[audits.bytecodealliance.audits.anes]]
who = "Pat Hickey <phickey@fastly.com>"
criteria = "safe-to-deploy"
version = "0.1.6"
notes = "Contains no unsafe code, no IO, no build.rs."

[[audits.bytecodealliance.audits.crossbeam-epoch]]
who = "Alex Crichton <alex@alexcrichton.com>"
criteria = "safe-to-deploy"
delta = "0.9.15 -> 0.9.18"
notes = "Nontrivial update but mostly around dependencies and how `unsafe` code is managed. Everything looks the same shape as before."

[[audits.bytecodealliance.audits.crossbeam-epoch]]
who = "Alex Crichton <alex@alexcrichton.com>"
criteria = "safe-to-deploy"
delta = "0.9.18 -> 0.9.20"
notes = "Minor updates, nothing out of place."

[[audits.bytecodealliance.audits.heck]]
who = "Alex Crichton <alex@alexcrichton.com>"
criteria = "safe-to-deploy"
delta = "0.4.1 -> 0.5.0"
notes = "Minor changes for a `no_std` upgrade but otherwise everything looks as expected."

[[audits.bytecodealliance.audits.miniz_oxide]]
who = "Alex Crichton <alex@alexcrichton.com>"
criteria = "safe-to-deploy"
version = "0.7.1"
notes = """
This crate is a Rust implementation of zlib compression/decompression and has
been used by default by the Rust standard library for quite some time. It's also
a default dependency of the popular `backtrace` crate for decompressing debug
information. This crate forbids unsafe code and does not otherwise access system
resources. It's originally a port of the `miniz.c` library as well, and given
its own longevity should be relatively hardened against some of the more common
compression-related issues.
"""

[[audits.bytecodealliance.audits.miniz_oxide]]
who = "Alex Crichton <alex@alexcrichton.com>"
criteria = "safe-to-deploy"
delta = "0.7.1 -> 0.8.0"
notes = "Minor updates, using new Rust features like `const`, no major changes."

[[audits.bytecodealliance.audits.miniz_oxide]]
who = "Alex Crichton <alex@alexcrichton.com>"
criteria = "safe-to-deploy"
delta = "0.8.0 -> 0.8.5"
notes = """
Lots of small updates here and there, for example around modernizing Rust
idioms. No new `unsafe` code and everything looks like what you'd expect a
compression library to be doing.
"""

[[audits.bytecodealliance.audits.miniz_oxide]]
who = "Alex Crichton <alex@alexcrichton.com>"
criteria = "safe-to-deploy"
delta = "0.8.5 -> 0.8.9"
notes = "No new unsafe code, just refactorings."

[[audits.bytecodealliance.audits.nu-ansi-term]]
who = "Pat Hickey <phickey@fastly.com>"
criteria = "safe-to-deploy"
version = "0.46.0"
notes = "one use of unsafe to call windows specific api to get console handle."

[[audits.bytecodealliance.audits.nu-ansi-term]]
who = "Alex Crichton <alex@alexcrichton.com>"
criteria = "safe-to-deploy"
delta = "0.46.0 -> 0.50.1"
notes = "Lots of stylistic/rust-related changes, plus new features, but nothing out of the ordrinary."

[[audits.bytecodealliance.audits.nu-ansi-term]]
who = "Alex Crichton <alex@alexcrichton.com>"
criteria = "safe-to-deploy"
delta = "0.50.1 -> 0.50.3"
notes = "CI changes, Rust changes, nothing out of the ordinary."

[[audits.bytecodealliance.audits.num-traits]]
who = "Andrew Brown <andrew.brown@intel.com>"
criteria = "safe-to-deploy"
version = "0.2.19"
notes = "As advertised: a numeric library. The only `unsafe` is from some float-to-int conversions, which seems expected."

[[audits.bytecodealliance.audits.percent-encoding]]
who = "Alex Crichton <alex@alexcrichton.com>"
criteria = "safe-to-deploy"
version = "2.2.0"
notes = """
This crate is a single-file crate that does what it says on the tin. There are
a few `unsafe` blocks related to utf-8 validation which are locally verifiable
as correct and otherwise this crate is good to go.
"""

[[audits.bytecodealliance.audits.semver]]
who = "Pat Hickey <phickey@fastly.com>"
criteria = "safe-to-deploy"
version = "1.0.17"
notes = "plenty of unsafe pointer and vec tricks, but in well-structured and commented code that appears to be correct"

[[audits.bytecodealliance.audits.smallvec]]
who = "Alex Crichton <alex@alexcrichton.com>"
criteria = "safe-to-deploy"
delta = "1.13.2 -> 1.14.0"
notes = "Minor new feature, nothing out of the ordinary."

[[audits.bytecodealliance.audits.tinyvec_macros]]
who = "Alex Crichton <alex@alexcrichton.com>"
criteria = "safe-to-deploy"
version = "0.1.0"
notes = """
This is a trivial crate which only contains a singular macro definition which is
intended to multiplex across the internal representation of a tinyvec,
presumably. This trivially doesn't contain anything bad.
"""

[[audits.google.audits.base64]]
who = "amarjotgill <amarjotgill@google.com>"
criteria = "safe-to-deploy"
version = "0.22.1"
aggregated-from = "https://chromium.googlesource.com/chromium/src/+/main/third_party/rust/chromium_crates_io/supply-chain/audits.toml?format=TEXT"

[[audits.google.audits.cast]]
who = "George Burgess IV <gbiv@google.com>"
criteria = "safe-to-run"
version = "0.3.0"
aggregated-from = "https://chromium.googlesource.com/chromiumos/third_party/rust_crates/+/refs/heads/main/cargo-vet/audits.toml?format=TEXT"

[[audits.google.audits.ciborium]]
who = "Daniel Verkamp <dverkamp@chromium.org>"
criteria = "safe-to-run"
version = "0.2.2"
aggregated-from = "https://chromium.googlesource.com/chromiumos/third_party/rust_crates/+/refs/heads/main/cargo-vet/audits.toml?format=TEXT"

[[audits.google.audits.ciborium-io]]
who = "Daniel Verkamp <dverkamp@chromium.org>"
criteria = "safe-to-run"
version = "0.2.2"
aggregated-from = "https://chromium.googlesource.com/chromiumos/third_party/rust_crates/+/refs/heads/main/cargo-vet/audits.toml?format=TEXT"

[[audits.google.audits.ciborium-ll]]
who = "Daniel Verkamp <dverkamp@chromium.org>"
criteria = "safe-to-run"
version = "0.2.2"
aggregated-from = "https://chromium.googlesource.com/chromiumos/third_party/rust_crates/+/refs/heads/main/cargo-vet/audits.toml?format=TEXT"

[[audits.google.audits.crossbeam-epoch]]
who = "George Burgess IV <gbiv@google.com>"
criteria = "safe-to-run"
version = "0.9.14"
aggregated-from = "https://chromium.googlesource.com/chromiumos/third_party/rust_crates/+/refs/heads/main/cargo-vet/audits.toml?format=TEXT"

[[audits.google.audits.crossbeam-epoch]]
who = "George Burgess IV <gbiv@google.com>"
criteria = "safe-to-run"
delta = "0.9.14 -> 0.9.15"
aggregated-from = "https://chromium.googlesource.com/chromiumos/third_party/rust_crates/+/refs/heads/main/cargo-vet/audits.toml?format=TEXT"

[[audits.google.audits.equivalent]]
who = "George Burgess IV <gbiv@google.com>"
criteria = "safe-to-deploy"
version = "1.0.1"
aggregated-from = "https://chromium.googlesource.com/chromiumos/third_party/rust_crates/+/refs/heads/main/cargo-vet/audits.toml?format=TEXT"

[[audits.google.audits.equivalent]]
who = "Jonathan Hao <phao@chromium.org>"
criteria = "safe-to-deploy"
delta = "1.0.1 -> 1.0.2"
notes = "No changes to any .rs files or Rust code."
aggregated-from = "https://chromium.googlesource.com/chromium/src/+/main/third_party/rust/chromium_crates_io/supply-chain/audits.toml?format=TEXT"

[[audits.google.audits.heck]]
who = "Lukasz Anforowicz <lukasza@chromium.org>"
criteria = "safe-to-deploy"
version = "0.4.1"
notes = """
Grepped for `-i cipher`, `-i crypto`, `'\bfs\b'``, `'\bnet\b'``, `'\bunsafe\b'``
and there were no hits.

`heck` (version `0.3.3`) has been added to Chromium in
https://source.chromium.org/chromium/chromium/src/+/28841c33c77833cc30b286f9ae24c97e7a8f4057
"""
aggregated-from = "https://chromium.googlesource.com/chromium/src/+/main/third_party/rust/chromium_crates_io/supply-chain/audits.toml?format=TEXT"

[[audits.google.audits.indexmap]]
who = "Lukasz Anforowicz <lukasza@chromium.org>"
criteria = "safe-to-deploy"
version = "2.7.1"
notes = '''
Grepped for `-i cipher`, `-i crypto`, `'\bfs\b'`, `'\bnet\b'`
and there were no hits.

There is a little bit of `unsafe` Rust code - the audit can be found at
https://chromium-review.googlesource.com/c/chromium/src/+/6187726/2
'''
aggregated-from = "https://chromium.googlesource.com/chromium/src/+/main/third_party/rust/chromium_crates_io/supply-chain/audits.toml?format=TEXT"

[[audits.google.audits.indexmap]]
who = "Lukasz Anforowicz <lukasza@chromium.org>"
criteria = "safe-to-deploy"
delta = "2.7.1 -> 2.8.0"
notes = """
No `unsafe` introduced or affected in:
* `indexmap_with_default!` and `indexset_with_default!` macros
* New `PartialEq` implementations
* `fn slice_eq` in `util.rs`
"""
aggregated-from = "https://chromium.googlesource.com/chromium/src/+/main/third_party/rust/chromium_crates_io/supply-chain/audits.toml?format=TEXT"

[[audits.google.audits.smallvec]]
who = "Manish Goregaokar <manishearth@google.com>"
criteria = "safe-to-deploy"
version = "1.13.2"
aggregated-from = "https://chromium.googlesource.com/chromium/src/+/main/third_party/rust/chromium_crates_io/supply-chain/audits.toml?format=TEXT"

[[audits.google.audits.strsim]]
who = "danakj@chromium.org"
criteria = "safe-to-deploy"
version = "0.10.0"
notes = """
Reviewed in https://crrev.com/c/5171063

Previously reviewed during security review and the audit is grandparented in.
"""
aggregated-from = "https://chromium.googlesource.com/chromium/src/+/main/third_party/rust/chromium_crates_io/supply-chain/audits.toml?format=TEXT"

[[audits.google.audits.tempfile]]
who = "Ying Hsu <yinghsu@chromium.org>"
criteria = "safe-to-run"
version = "3.10.1"
aggregated-from = "https://chromium.googlesource.com/chromiumos/third_party/rust_crates/+/refs/heads/main/cargo-vet/audits.toml?format=TEXT"

[[audits.google.audits.tinytemplate]]
who = "Ying Hsu <yinghsu@chromium.org>"
criteria = "safe-to-run"
version = "1.2.1"
aggregated-from = "https://chromium.googlesource.com/chromiumos/third_party/rust_crates/+/refs/heads/main/cargo-vet/audits.toml?format=TEXT"

[[audits.google.audits.winapi]]
who = "danakj@chromium.org"
criteria = "safe-to-run"
version = "0.3.9"
notes = """
Reviewed in https://crrev.com/c/5171063

Previously reviewed during security review and the audit is grandparented in.
"""
aggregated-from = "https://chromium.googlesource.com/chromium/src/+/main/third_party/rust/chromium_crates_io/supply-chain/audits.toml?format=TEXT"

[[audits.mozilla.wildcard-audits.unicode-normalization]]
who = "Manish Goregaokar <manishsmail@gmail.com>"
criteria = "safe-to-deploy"
user-id = 1139 # Manish Goregaokar (Manishearth)
start = "2019-11-06"
end = "2027-04-23"
notes = "All code written or reviewed by Manish"

[[audits.mozilla.wildcard-audits.unicode-width]]
who = "Manish Goregaokar <manishsmail@gmail.com>"
criteria = "safe-to-deploy"
user-id = 1139 # Manish Goregaokar (Manishearth)
start = "2019-12-05"
end = "2026-02-01"
notes = "All code written or reviewed by Manish"

[[audits.mozilla.wildcard-audits.utf8_iter]]
who = "Makoto Kato <m_kato@ga2.so-net.ne.jp>"
criteria = "safe-to-deploy"
user-id = 4484 # Henri Sivonen (hsivonen)
start = "2022-04-19"
end = "2024-06-16"
notes = "Maintained by Henri Sivonen who works at Mozilla."

[[audits.mozilla.audits.adler2]]
who = "Erich Gubler <erichdongubler@gmail.com>"
criteria = "safe-to-deploy"
delta = "2.0.0 -> 2.0.1"

[[audits.mozilla.audits.bit-set]]
who = "Aria Beingessner <a.beingessner@gmail.com>"
criteria = "safe-to-deploy"
version = "0.5.2"
notes = "Another crate I own via contain-rs that is ancient and maintenance mode, no known issues."

[[audits.mozilla.audits.bit-set]]
who = "Mike Hommey <mh+mozilla@glandium.org>"
criteria = "safe-to-deploy"
delta = "0.5.2 -> 0.5.3"

[[audits.mozilla.audits.bit-set]]
who = "Teodor Tanasoaia <ttanasoaia@mozilla.com>"
criteria = "safe-to-deploy"
delta = "0.5.3 -> 0.6.0"

[[audits.mozilla.audits.bit-set]]
who = "Jim Blandy <jimb@red-bean.com>"
criteria = "safe-to-deploy"
delta = "0.6.0 -> 0.8.0"

[[audits.mozilla.audits.bit-vec]]
who = "Aria Beingessner <a.beingessner@gmail.com>"
criteria = "safe-to-deploy"
version = "0.6.3"
notes = "Another crate I own via contain-rs that is ancient and in maintenance mode but otherwise perfectly fine."

[[audits.mozilla.audits.bit-vec]]
who = "Teodor Tanasoaia <ttanasoaia@mozilla.com>"
criteria = "safe-to-deploy"
delta = "0.6.3 -> 0.7.0"

[[audits.mozilla.audits.bit-vec]]
who = "Jim Blandy <jimb@red-bean.com>"
criteria = "safe-to-deploy"
delta = "0.7.0 -> 0.8.0"

[[audits.mozilla.audits.cssparser]]
who = "Emilio Cobos Álvarez <emilio@crisal.io>"
criteria = "safe-to-deploy"
version = "0.29.6"
notes = """
I've reviewed or authored most of the recent changes to this library, and it
was developed by other mozilla folks. Unsafe code there is reasonable (utf-8
casts for serialization and parsing).
"""

[[audits.mozilla.audits.cssparser]]
who = "Bobby Holley <bobbyholley@gmail.com>"
criteria = "safe-to-deploy"
delta = "0.29.6 -> 0.31.0"
notes = """
All the changes in this release were authored by Mozilla staff, except the
uninit_array stuff, which looks fine.
"""

[[audits.mozilla.audits.cssparser]]
who = "Mike Hommey <mh+mozilla@glandium.org>"
criteria = "safe-to-deploy"
delta = "0.31.0 -> 0.31.2"

[[audits.mozilla.audits.cssparser]]
who = "Emilio Cobos Álvarez <emilio@crisal.io>"
criteria = "safe-to-deploy"
delta = "0.31.2 -> 0.32.0"
notes = "All changes were either authored or reviewed by Mozilla employees."

[[audits.mozilla.audits.cssparser]]
who = "Emilio Cobos Álvarez <emilio@crisal.io>"
criteria = "safe-to-deploy"
delta = "0.32.0 -> 0.33.0"
notes = """
Mozilla authored. Breaking changes from 0.32 involve splitting color APIs into
their own crate and removing an unused line number offset mechanism.
"""

[[audits.mozilla.audits.cssparser]]
who = "Emilio Cobos Álvarez <emilio@crisal.io>"
criteria = "safe-to-deploy"
delta = "0.33.0 -> 0.34.0"
notes = "I'm the publisher of the crate, and either myself or other Mozilla folks have been authors or reviewers of all the changes."

[[audits.mozilla.audits.cssparser]]
who = "Emilio Cobos Álvarez <emilio@crisal.io>"
criteria = "safe-to-deploy"
delta = "0.34.0 -> 0.35.0"
notes = "All non-trivial changes authored or reviewed by Mozilla employees."

[[audits.mozilla.audits.cssparser]]
who = "Diego Escalante <descalante@mozilla.com>"
criteria = "safe-to-deploy"
delta = "0.35.0 -> 0.36.0"

[[audits.mozilla.audits.cssparser]]
who = "Nico Burns <nico@nicoburns.com>"
criteria = "safe-to-deploy"
delta = "0.36.0 -> 0.37.0"
notes = "First-party code"

[[audits.mozilla.audits.cssparser-macros]]
who = "Emilio Cobos Álvarez <emilio@crisal.io>"
criteria = "safe-to-deploy"
version = "0.6.0"
notes = """
Trivial crate with a single proc macro to compute the max length of the inputs
to a match expression.
"""

[[audits.mozilla.audits.cssparser-macros]]
who = "Mike Hommey <mh+mozilla@glandium.org>"
criteria = "safe-to-deploy"
delta = "0.6.0 -> 0.6.1"

[[audits.mozilla.audits.cssparser-macros]]
who = "Nico Burns <nico@nicoburns.com>"
criteria = "safe-to-deploy"
delta = "0.6.1 -> 0.7.0"
notes = "First party code"

[[audits.mozilla.audits.fnv]]
who = "Bobby Holley <bobbyholley@gmail.com>"
criteria = "safe-to-deploy"
version = "1.0.7"
notes = "Simple hasher implementation with no unsafe code."

[[audits.mozilla.audits.form_urlencoded]]
who = "Valentin Gosu <valentin.gosu@gmail.com>"
criteria = "safe-to-deploy"
version = "1.2.0"

[[audits.mozilla.audits.form_urlencoded]]
who = "Valentin Gosu <valentin.gosu@gmail.com>"
criteria = "safe-to-deploy"
delta = "1.2.0 -> 1.2.1"

[[audits.mozilla.audits.form_urlencoded]]
who = "edgul <ed.guloien@gmail.com>"
criteria = "safe-to-deploy"
delta = "1.2.1 -> 1.2.2"

[[audits.mozilla.audits.indexmap]]
who = "Erich Gubler <erichdongubler@gmail.com>"
criteria = "safe-to-deploy"
delta = "2.8.0 -> 2.11.4"

[[audits.mozilla.audits.indexmap]]
who = "Ben Dean-Kawamura <bdk@mozilla.com>"
criteria = "safe-to-deploy"
delta = "2.11.4 -> 2.14.0"
notes = "Mostly internal refactorings.  No new unsafe code."

[[audits.mozilla.audits.linked-hash-map]]
who = "Aria Beingessner <a.beingessner@gmail.com>"
criteria = "safe-to-deploy"
version = "0.5.4"
notes = "I own this crate (I am contain-rs) and 0.5.4 passes miri. This code is very old and used by lots of people, so I'm pretty confident in it, even though it's in maintenance-mode and missing some nice-to-have APIs."

[[audits.mozilla.audits.linked-hash-map]]
who = "Alex Franchuk <afranchuk@mozilla.com>"
criteria = "safe-to-deploy"
delta = "0.5.4 -> 0.5.6"
notes = "New unsafe code has debug assertions and meets invariants. All other changes are formatting-related."

[[audits.mozilla.audits.percent-encoding]]
who = "Valentin Gosu <valentin.gosu@gmail.com>"
criteria = "safe-to-deploy"
delta = "2.2.0 -> 2.3.0"

[[audits.mozilla.audits.percent-encoding]]
who = "Valentin Gosu <valentin.gosu@gmail.com>"
criteria = "safe-to-deploy"
delta = "2.3.0 -> 2.3.1"

[[audits.mozilla.audits.percent-encoding]]
who = "edgul <ed.guloien@gmail.com>"
criteria = "safe-to-deploy"
delta = "2.3.1 -> 2.3.2"

[[audits.mozilla.audits.powerfmt]]
who = "Alex Franchuk <afranchuk@mozilla.com>"
criteria = "safe-to-deploy"
version = "0.2.0"
notes = """
A tiny bit of unsafe code to implement functionality that isn't in stable rust
yet, but it's all valid. Otherwise it's a pretty simple crate.
"""

[[audits.mozilla.audits.precomputed-hash]]
who = "Bobby Holley <bobbyholley@gmail.com>"
criteria = "safe-to-deploy"
version = "0.1.1"
notes = "This is a trivial crate."

[[audits.mozilla.audits.semver]]
who = "Ben Dean-Kawamura <bdk@mozilla.com>"
criteria = "safe-to-deploy"
delta = "1.0.16 -> 1.0.28"
notes = "Very few changes, mostly removes support for older Rust versions.  Some unsafe code refactored, but it seemed to be functionally equivalent to me."

[[audits.mozilla.audits.semver]]
who = "Bobby Holley <bobbyholley@gmail.com>"
criteria = "safe-to-deploy"
delta = "1.0.17 -> 1.0.16"

[[audits.mozilla.audits.serde_spanned]]
who = "Ben Dean-Kawamura <bdk@mozilla.com>"
criteria = "safe-to-deploy"
version = "1.0.3"
notes = "Relatively simple Serde trait implementations.  No IO or unsafe code."

[[audits.mozilla.audits.serde_spanned]]
who = "Ben Dean-Kawamura <bdk@mozilla.com>"
criteria = "safe-to-deploy"
delta = "1.0.3 -> 1.1.1"
notes = "No code changes, just dependency updates."

[[audits.mozilla.audits.smallvec]]
who = "Erich Gubler <erichdongubler@gmail.com>"
criteria = "safe-to-deploy"
delta = "1.14.0 -> 1.15.1"

[[audits.mozilla.audits.smallvec]]
who = "Mike Hommey <mh+mozilla@glandium.org>"
criteria = "safe-to-deploy"
delta = "1.15.1 -> 1.15.2"

[[audits.mozilla.audits.strsim]]
who = "Ben Dean-Kawamura <bdk@mozilla.com>"
criteria = "safe-to-deploy"
delta = "0.10.0 -> 0.11.1"

[[audits.mozilla.audits.tempfile]]
who = "Chris Martin <cmartin@mozilla.com>"
criteria = "safe-to-deploy"
delta = "3.10.1 -> 3.16.0"
notes = "Big change, but nothing unsafe and lots of it is documentation and convenience APIs"

[[audits.mozilla.audits.tempfile]]
who = "Jim Blandy <jimb@red-bean.com>"
criteria = "safe-to-deploy"
delta = "3.16.0 -> 3.27.0"

[[audits.mozilla.audits.tinyvec_macros]]
who = "Drew Willcoxon <adw@mozilla.com>"
criteria = "safe-to-deploy"
delta = "0.1.0 -> 0.1.1"
